
Microsoft Visual Studio Solution File, Format Version 12.00
# Visual Studio Version 17
VisualStudioVersion = 17.8.34525.116
MinimumVisualStudioVersion = 10.0.40219.1
Project("{8BC9CEB8-8B4A-11D0-8D11-00A0C91BC942}") = "L01_StandardIO", "L01_StandardIO\L01_StandardIO.vcxproj", "{D9CF9EB2-5799-435C-848A-9BAC34379110}"
EndProject
Global
	GlobalSection(SolutionConfigurationPlatforms) = preSolution
		Debug|x64 = Debug|x64
		Debug|x86 = Debug|x86
		Release|x64 = Release|x64
		Release|x86 = Release|x86
	EndGlobalSection
	GlobalSection(ProjectConfigurationPlatforms) = postSolution
		{D9CF9EB2-5799-435C-848A-9BAC34379110}.Debug|x64.ActiveCfg = Debug|x64
		{D9CF9EB2-5799-435C-848A-9BAC34379110}.Debug|x64.Build.0 = Debug|x64
		{D9CF9EB2-5799-435C-848A-9BAC34379110}.Debug|x86.ActiveCfg = Debug|Win32
		{D9CF9EB2-5799-435C-848A-9BAC34379110}.Debug|x86.Build.0 = Debug|Win32
		{D9CF9EB2-5799-435C-848A-9BAC34379110}.Release|x64.ActiveCfg = Release|x64
		{D9CF9EB2-5799-435C-848A-9BAC34379110}.Release|x64.Build.0 = Release|x64
		{D9CF9EB2-5799-435C-848A-9BAC34379110}.Release|x86.ActiveCfg = Release|Win32
		{D9CF9EB2-5799-435C-848A-9BAC34379110}.Release|x86.Build.0 = Release|Win32
	EndGlobalSection
	GlobalSection(SolutionProperties) = preSolution
		HideSolutionNode = FALSE
	EndGlobalSection
	GlobalSection(ExtensibilityGlobals) = postSolution
		SolutionGuid = {7966E6E4-5937-4048-A0A4-907A0EDA379F}
	EndGlobalSection
EndGlobal
