
Microsoft Visual Studio Solution File, Format Version 12.00
# Visual Studio Version 17
VisualStudioVersion = 17.8.34525.116
MinimumVisualStudioVersion = 10.0.40219.1
Project("{8BC9CEB8-8B4A-11D0-8D11-00A0C91BC942}") = "L01_StandardIO", "L01_StandardIO\L01_StandardIO.vcxproj", "{65F52435-8F6A-4E52-8C5C-66B9DF1B727D}"
EndProject
Project("{8BC9CEB8-8B4A-11D0-8D11-00A0C91BC942}") = "L02_Variable", "L02_Variable\L02_Variable.vcxproj", "{00EB5FC7-5072-46BB-BC7A-C6DB6FD3EF66}"
EndProject
Project("{8BC9CEB8-8B4A-11D0-8D11-00A0C91BC942}") = "L03_Function", "L03_Function\L03_Function.vcxproj", "{2B078806-A4CC-4771-A316-6D9E2421C333}"
EndProject
Project("{8BC9CEB8-8B4A-11D0-8D11-00A0C91BC942}") = "L04_Statements", "L04_Statement\L04_Statement.vcxproj", "{EC17B86F-A5FE-4561-95BC-5875C780AA0A}"
EndProject
Project("{8BC9CEB8-8B4A-11D0-8D11-00A0C91BC942}") = "L05_BasicMemory", "L05_BasicMemory\L05_BasicMemory.vcxproj", "{339E96DE-751B-43D0-9FFB-1377AF08C96C}"
EndProject
Project("{8BC9CEB8-8B4A-11D0-8D11-00A0C91BC942}") = "L06_Structure", "L06_Structure\L06_Structure.vcxproj", "{66537249-A5D3-4C69-B60D-97D53556F685}"
EndProject
Project("{8BC9CEB8-8B4A-11D0-8D11-00A0C91BC942}") = "L07_Pointer_Array", "L07_Pointer_Array\L07_Pointer_Array.vcxproj", "{248BA571-445C-4162-9200-9C2A048D888F}"
EndProject
Project("{8BC9CEB8-8B4A-11D0-8D11-00A0C91BC942}") = "L08_CharacterEncoding", "L08_CharacterEncoding\L08_CharacterEncoding.vcxproj", "{B5074BAD-97F1-4D19-B588-206F28B22977}"
EndProject
Project("{8BC9CEB8-8B4A-11D0-8D11-00A0C91BC942}") = "Test01", "Test01\Test01.vcxproj", "{F4162D41-CD08-4431-BE31-2E93C764A76A}"
EndProject
Project("{8BC9CEB8-8B4A-11D0-8D11-00A0C91BC942}") = "L09_1_StructAndClass", "L09_1_StructAndClass\L09_1_StructAndClass.vcxproj", "{09DBB04F-7F8E-4045-A014-BBB977FE4963}"
EndProject
Project("{8BC9CEB8-8B4A-11D0-8D11-00A0C91BC942}") = "L09_2_Inheritance", "L09_2_Inheritance\L09_2_Inheritance.vcxproj", "{38FD6564-0924-4170-88D0-7A3F99AB0991}"
EndProject
Global
	GlobalSection(SolutionConfigurationPlatforms) = preSolution
		Debug|x64 = Debug|x64
		Debug|x86 = Debug|x86
		Release|x64 = Release|x64
		Release|x86 = Release|x86
	EndGlobalSection
	GlobalSection(ProjectConfigurationPlatforms) = postSolution
		{65F52435-8F6A-4E52-8C5C-66B9DF1B727D}.Debug|x64.ActiveCfg = Debug|x64
		{65F52435-8F6A-4E52-8C5C-66B9DF1B727D}.Debug|x64.Build.0 = Debug|x64
		{65F52435-8F6A-4E52-8C5C-66B9DF1B727D}.Debug|x86.ActiveCfg = Debug|Win32
		{65F52435-8F6A-4E52-8C5C-66B9DF1B727D}.Debug|x86.Build.0 = Debug|Win32
		{65F52435-8F6A-4E52-8C5C-66B9DF1B727D}.Release|x64.ActiveCfg = Release|x64
		{65F52435-8F6A-4E52-8C5C-66B9DF1B727D}.Release|x64.Build.0 = Release|x64
		{65F52435-8F6A-4E52-8C5C-66B9DF1B727D}.Release|x86.ActiveCfg = Release|Win32
		{65F52435-8F6A-4E52-8C5C-66B9DF1B727D}.Release|x86.Build.0 = Release|Win32
		{00EB5FC7-5072-46BB-BC7A-C6DB6FD3EF66}.Debug|x64.ActiveCfg = Debug|x64
		{00EB5FC7-5072-46BB-BC7A-C6DB6FD3EF66}.Debug|x64.Build.0 = Debug|x64
		{00EB5FC7-5072-46BB-BC7A-C6DB6FD3EF66}.Debug|x86.ActiveCfg = Debug|Win32
		{00EB5FC7-5072-46BB-BC7A-C6DB6FD3EF66}.Debug|x86.Build.0 = Debug|Win32
		{00EB5FC7-5072-46BB-BC7A-C6DB6FD3EF66}.Release|x64.ActiveCfg = Release|x64
		{00EB5FC7-5072-46BB-BC7A-C6DB6FD3EF66}.Release|x64.Build.0 = Release|x64
		{00EB5FC7-5072-46BB-BC7A-C6DB6FD3EF66}.Release|x86.ActiveCfg = Release|Win32
		{00EB5FC7-5072-46BB-BC7A-C6DB6FD3EF66}.Release|x86.Build.0 = Release|Win32
		{2B078806-A4CC-4771-A316-6D9E2421C333}.Debug|x64.ActiveCfg = Debug|x64
		{2B078806-A4CC-4771-A316-6D9E2421C333}.Debug|x64.Build.0 = Debug|x64
		{2B078806-A4CC-4771-A316-6D9E2421C333}.Debug|x86.ActiveCfg = Debug|Win32
		{2B078806-A4CC-4771-A316-6D9E2421C333}.Debug|x86.Build.0 = Debug|Win32
		{2B078806-A4CC-4771-A316-6D9E2421C333}.Release|x64.ActiveCfg = Release|x64
		{2B078806-A4CC-4771-A316-6D9E2421C333}.Release|x64.Build.0 = Release|x64
		{2B078806-A4CC-4771-A316-6D9E2421C333}.Release|x86.ActiveCfg = Release|Win32
		{2B078806-A4CC-4771-A316-6D9E2421C333}.Release|x86.Build.0 = Release|Win32
		{EC17B86F-A5FE-4561-95BC-5875C780AA0A}.Debug|x64.ActiveCfg = Debug|x64
		{EC17B86F-A5FE-4561-95BC-5875C780AA0A}.Debug|x64.Build.0 = Debug|x64
		{EC17B86F-A5FE-4561-95BC-5875C780AA0A}.Debug|x86.ActiveCfg = Debug|Win32
		{EC17B86F-A5FE-4561-95BC-5875C780AA0A}.Debug|x86.Build.0 = Debug|Win32
		{EC17B86F-A5FE-4561-95BC-5875C780AA0A}.Release|x64.ActiveCfg = Release|x64
		{EC17B86F-A5FE-4561-95BC-5875C780AA0A}.Release|x64.Build.0 = Release|x64
		{EC17B86F-A5FE-4561-95BC-5875C780AA0A}.Release|x86.ActiveCfg = Release|Win32
		{EC17B86F-A5FE-4561-95BC-5875C780AA0A}.Release|x86.Build.0 = Release|Win32
		{339E96DE-751B-43D0-9FFB-1377AF08C96C}.Debug|x64.ActiveCfg = Debug|x64
		{339E96DE-751B-43D0-9FFB-1377AF08C96C}.Debug|x64.Build.0 = Debug|x64
		{339E96DE-751B-43D0-9FFB-1377AF08C96C}.Debug|x86.ActiveCfg = Debug|Win32
		{339E96DE-751B-43D0-9FFB-1377AF08C96C}.Debug|x86.Build.0 = Debug|Win32
		{339E96DE-751B-43D0-9FFB-1377AF08C96C}.Release|x64.ActiveCfg = Release|x64
		{339E96DE-751B-43D0-9FFB-1377AF08C96C}.Release|x64.Build.0 = Release|x64
		{339E96DE-751B-43D0-9FFB-1377AF08C96C}.Release|x86.ActiveCfg = Release|Win32
		{339E96DE-751B-43D0-9FFB-1377AF08C96C}.Release|x86.Build.0 = Release|Win32
		{66537249-A5D3-4C69-B60D-97D53556F685}.Debug|x64.ActiveCfg = Debug|x64
		{66537249-A5D3-4C69-B60D-97D53556F685}.Debug|x64.Build.0 = Debug|x64
		{66537249-A5D3-4C69-B60D-97D53556F685}.Debug|x86.ActiveCfg = Debug|Win32
		{66537249-A5D3-4C69-B60D-97D53556F685}.Debug|x86.Build.0 = Debug|Win32
		{66537249-A5D3-4C69-B60D-97D53556F685}.Release|x64.ActiveCfg = Release|x64
		{66537249-A5D3-4C69-B60D-97D53556F685}.Release|x64.Build.0 = Release|x64
		{66537249-A5D3-4C69-B60D-97D53556F685}.Release|x86.ActiveCfg = Release|Win32
		{66537249-A5D3-4C69-B60D-97D53556F685}.Release|x86.Build.0 = Release|Win32
		{248BA571-445C-4162-9200-9C2A048D888F}.Debug|x64.ActiveCfg = Debug|x64
		{248BA571-445C-4162-9200-9C2A048D888F}.Debug|x64.Build.0 = Debug|x64
		{248BA571-445C-4162-9200-9C2A048D888F}.Debug|x86.ActiveCfg = Debug|Win32
		{248BA571-445C-4162-9200-9C2A048D888F}.Debug|x86.Build.0 = Debug|Win32
		{248BA571-445C-4162-9200-9C2A048D888F}.Release|x64.ActiveCfg = Release|x64
		{248BA571-445C-4162-9200-9C2A048D888F}.Release|x64.Build.0 = Release|x64
		{248BA571-445C-4162-9200-9C2A048D888F}.Release|x86.ActiveCfg = Release|Win32
		{248BA571-445C-4162-9200-9C2A048D888F}.Release|x86.Build.0 = Release|Win32
		{B5074BAD-97F1-4D19-B588-206F28B22977}.Debug|x64.ActiveCfg = Debug|x64
		{B5074BAD-97F1-4D19-B588-206F28B22977}.Debug|x64.Build.0 = Debug|x64
		{B5074BAD-97F1-4D19-B588-206F28B22977}.Debug|x86.ActiveCfg = Debug|Win32
		{B5074BAD-97F1-4D19-B588-206F28B22977}.Debug|x86.Build.0 = Debug|Win32
		{B5074BAD-97F1-4D19-B588-206F28B22977}.Release|x64.ActiveCfg = Release|x64
		{B5074BAD-97F1-4D19-B588-206F28B22977}.Release|x64.Build.0 = Release|x64
		{B5074BAD-97F1-4D19-B588-206F28B22977}.Release|x86.ActiveCfg = Release|Win32
		{B5074BAD-97F1-4D19-B588-206F28B22977}.Release|x86.Build.0 = Release|Win32
		{F4162D41-CD08-4431-BE31-2E93C764A76A}.Debug|x64.ActiveCfg = Debug|x64
		{F4162D41-CD08-4431-BE31-2E93C764A76A}.Debug|x64.Build.0 = Debug|x64
		{F4162D41-CD08-4431-BE31-2E93C764A76A}.Debug|x86.ActiveCfg = Debug|Win32
		{F4162D41-CD08-4431-BE31-2E93C764A76A}.Debug|x86.Build.0 = Debug|Win32
		{F4162D41-CD08-4431-BE31-2E93C764A76A}.Release|x64.ActiveCfg = Release|x64
		{F4162D41-CD08-4431-BE31-2E93C764A76A}.Release|x64.Build.0 = Release|x64
		{F4162D41-CD08-4431-BE31-2E93C764A76A}.Release|x86.ActiveCfg = Release|Win32
		{F4162D41-CD08-4431-BE31-2E93C764A76A}.Release|x86.Build.0 = Release|Win32
		{09DBB04F-7F8E-4045-A014-BBB977FE4963}.Debug|x64.ActiveCfg = Debug|x64
		{09DBB04F-7F8E-4045-A014-BBB977FE4963}.Debug|x64.Build.0 = Debug|x64
		{09DBB04F-7F8E-4045-A014-BBB977FE4963}.Debug|x86.ActiveCfg = Debug|Win32
		{09DBB04F-7F8E-4045-A014-BBB977FE4963}.Debug|x86.Build.0 = Debug|Win32
		{09DBB04F-7F8E-4045-A014-BBB977FE4963}.Release|x64.ActiveCfg = Release|x64
		{09DBB04F-7F8E-4045-A014-BBB977FE4963}.Release|x64.Build.0 = Release|x64
		{09DBB04F-7F8E-4045-A014-BBB977FE4963}.Release|x86.ActiveCfg = Release|Win32
		{09DBB04F-7F8E-4045-A014-BBB977FE4963}.Release|x86.Build.0 = Release|Win32
		{38FD6564-0924-4170-88D0-7A3F99AB0991}.Debug|x64.ActiveCfg = Debug|x64
		{38FD6564-0924-4170-88D0-7A3F99AB0991}.Debug|x64.Build.0 = Debug|x64
		{38FD6564-0924-4170-88D0-7A3F99AB0991}.Debug|x86.ActiveCfg = Debug|Win32
		{38FD6564-0924-4170-88D0-7A3F99AB0991}.Debug|x86.Build.0 = Debug|Win32
		{38FD6564-0924-4170-88D0-7A3F99AB0991}.Release|x64.ActiveCfg = Release|x64
		{38FD6564-0924-4170-88D0-7A3F99AB0991}.Release|x64.Build.0 = Release|x64
		{38FD6564-0924-4170-88D0-7A3F99AB0991}.Release|x86.ActiveCfg = Release|Win32
		{38FD6564-0924-4170-88D0-7A3F99AB0991}.Release|x86.Build.0 = Release|Win32
	EndGlobalSection
	GlobalSection(SolutionProperties) = preSolution
		HideSolutionNode = FALSE
	EndGlobalSection
	GlobalSection(ExtensibilityGlobals) = postSolution
		SolutionGuid = {B76A54D7-E6E2-4A35-8E46-302AF2787708}
	EndGlobalSection
EndGlobal
